
Microsoft Visual Studio Solution File, Format Version 12.00
# Visual Studio Version 17
VisualStudioVersion = 17.2.32519.379
MinimumVisualStudioVersion = 10.0.40219.1
Project("{FAE04EC0-301F-11D3-BF4B-00C04F79EFBC}") = "01. The Hunting Games", "01. The Hunting Games\01. The Hunting Games.csproj", "{EED10688-23E9-42AB-B6BC-4D5BEB40F9C3}"
EndProject
Project("{FAE04EC0-301F-11D3-BF4B-00C04F79EFBC}") = "02. Coffee Lover", "02. Coffee Lover\02. Coffee Lover.csproj", "{7B3A17D8-4FA7-459C-975B-A14E5650558B}"
EndProject
Project("{FAE04EC0-301F-11D3-BF4B-00C04F79EFBC}") = "03. The Angry Cat", "03. The Angry Cat\03. The Angry Cat.csproj", "{D8B1A182-F6B1-49ED-9E8B-BF82532A94CB}"
EndProject
Global
	GlobalSection(SolutionConfigurationPlatforms) = preSolution
		Debug|Any CPU = Debug|Any CPU
		Release|Any CPU = Release|Any CPU
	EndGlobalSection
	GlobalSection(ProjectConfigurationPlatforms) = postSolution
		{EED10688-23E9-42AB-B6BC-4D5BEB40F9C3}.Debug|Any CPU.ActiveCfg = Debug|Any CPU
		{EED10688-23E9-42AB-B6BC-4D5BEB40F9C3}.Debug|Any CPU.Build.0 = Debug|Any CPU
		{EED10688-23E9-42AB-B6BC-4D5BEB40F9C3}.Release|Any CPU.ActiveCfg = Release|Any CPU
		{EED10688-23E9-42AB-B6BC-4D5BEB40F9C3}.Release|Any CPU.Build.0 = Release|Any CPU
		{7B3A17D8-4FA7-459C-975B-A14E5650558B}.Debug|Any CPU.ActiveCfg = Debug|Any CPU
		{7B3A17D8-4FA7-459C-975B-A14E5650558B}.Debug|Any CPU.Build.0 = Debug|Any CPU
		{7B3A17D8-4FA7-459C-975B-A14E5650558B}.Release|Any CPU.ActiveCfg = Release|Any CPU
		{7B3A17D8-4FA7-459C-975B-A14E5650558B}.Release|Any CPU.Build.0 = Release|Any CPU
		{D8B1A182-F6B1-49ED-9E8B-BF82532A94CB}.Debug|Any CPU.ActiveCfg = Debug|Any CPU
		{D8B1A182-F6B1-49ED-9E8B-BF82532A94CB}.Debug|Any CPU.Build.0 = Debug|Any CPU
		{D8B1A182-F6B1-49ED-9E8B-BF82532A94CB}.Release|Any CPU.ActiveCfg = Release|Any CPU
		{D8B1A182-F6B1-49ED-9E8B-BF82532A94CB}.Release|Any CPU.Build.0 = Release|Any CPU
	EndGlobalSection
	GlobalSection(SolutionProperties) = preSolution
		HideSolutionNode = FALSE
	EndGlobalSection
	GlobalSection(ExtensibilityGlobals) = postSolution
		SolutionGuid = {BD7887D2-ADB6-4954-AD5E-D65B06F7DA01}
	EndGlobalSection
EndGlobal
