
Microsoft Visual Studio Solution File, Format Version 12.00
# Visual Studio Version 17
VisualStudioVersion = 17.2.32630.192
MinimumVisualStudioVersion = 10.0.40219.1
Project("{FAE04EC0-301F-11D3-BF4B-00C04F79EFBC}") = "Problem 1", "Problem 1\Problem 1.csproj", "{2F55B347-855A-40EA-BDB0-2D22EA6AF41C}"
EndProject
Project("{FAE04EC0-301F-11D3-BF4B-00C04F79EFBC}") = "Problem 2", "Problem 2\Problem 2.csproj", "{5C0DF8E2-538F-4D7B-A83F-141B5896662C}"
EndProject
Project("{FAE04EC0-301F-11D3-BF4B-00C04F79EFBC}") = "Problem 3", "Problem 3\Problem 3.csproj", "{2E7419D0-15D9-4984-81AB-300C3BFCF122}"
EndProject
Global
	GlobalSection(SolutionConfigurationPlatforms) = preSolution
		Debug|Any CPU = Debug|Any CPU
		Release|Any CPU = Release|Any CPU
	EndGlobalSection
	GlobalSection(ProjectConfigurationPlatforms) = postSolution
		{2F55B347-855A-40EA-BDB0-2D22EA6AF41C}.Debug|Any CPU.ActiveCfg = Debug|Any CPU
		{2F55B347-855A-40EA-BDB0-2D22EA6AF41C}.Debug|Any CPU.Build.0 = Debug|Any CPU
		{2F55B347-855A-40EA-BDB0-2D22EA6AF41C}.Release|Any CPU.ActiveCfg = Release|Any CPU
		{2F55B347-855A-40EA-BDB0-2D22EA6AF41C}.Release|Any CPU.Build.0 = Release|Any CPU
		{5C0DF8E2-538F-4D7B-A83F-141B5896662C}.Debug|Any CPU.ActiveCfg = Debug|Any CPU
		{5C0DF8E2-538F-4D7B-A83F-141B5896662C}.Debug|Any CPU.Build.0 = Debug|Any CPU
		{5C0DF8E2-538F-4D7B-A83F-141B5896662C}.Release|Any CPU.ActiveCfg = Release|Any CPU
		{5C0DF8E2-538F-4D7B-A83F-141B5896662C}.Release|Any CPU.Build.0 = Release|Any CPU
		{2E7419D0-15D9-4984-81AB-300C3BFCF122}.Debug|Any CPU.ActiveCfg = Debug|Any CPU
		{2E7419D0-15D9-4984-81AB-300C3BFCF122}.Debug|Any CPU.Build.0 = Debug|Any CPU
		{2E7419D0-15D9-4984-81AB-300C3BFCF122}.Release|Any CPU.ActiveCfg = Release|Any CPU
		{2E7419D0-15D9-4984-81AB-300C3BFCF122}.Release|Any CPU.Build.0 = Release|Any CPU
	EndGlobalSection
	GlobalSection(SolutionProperties) = preSolution
		HideSolutionNode = FALSE
	EndGlobalSection
	GlobalSection(ExtensibilityGlobals) = postSolution
		SolutionGuid = {3C76E9E8-1181-46E4-9368-4336BADB5D0A}
	EndGlobalSection
EndGlobal
